
Microsoft Visual Studio Solution File, Format Version 12.00
# Visual Studio Version 17
VisualStudioVersion = 17.7.34003.232
MinimumVisualStudioVersion = 10.0.40219.1
Project("{FAE04EC0-301F-11D3-BF4B-00C04F79EFBC}") = "Melygarazs", "Melygarazs\Melygarazs.csproj", "{CEA68B74-1C0D-4247-BC30-9CBD1F193183}"
EndProject
Global
	GlobalSection(SolutionConfigurationPlatforms) = preSolution
		Debug|Any CPU = Debug|Any CPU
		Release|Any CPU = Release|Any CPU
	EndGlobalSection
	GlobalSection(ProjectConfigurationPlatforms) = postSolution
		{CEA68B74-1C0D-4247-BC30-9CBD1F193183}.Debug|Any CPU.ActiveCfg = Debug|Any CPU
		{CEA68B74-1C0D-4247-BC30-9CBD1F193183}.Debug|Any CPU.Build.0 = Debug|Any CPU
		{CEA68B74-1C0D-4247-BC30-9CBD1F193183}.Release|Any CPU.ActiveCfg = Release|Any CPU
		{CEA68B74-1C0D-4247-BC30-9CBD1F193183}.Release|Any CPU.Build.0 = Release|Any CPU
	EndGlobalSection
	GlobalSection(SolutionProperties) = preSolution
		HideSolutionNode = FALSE
	EndGlobalSection
	GlobalSection(ExtensibilityGlobals) = postSolution
		SolutionGuid = {A91F023C-6801-44FF-9CB5-74A9771734B8}
	EndGlobalSection
EndGlobal
